
Microsoft Visual Studio Solution File, Format Version 12.00
# Visual Studio Version 17
Project("{8BC9CEB8-8B4A-11D0-8D11-00A0C91BC942}") = "ALL_BUILD", "ALL_BUILD.vcxproj", "{5534AA79-D741-3BC4-A5E5-F898614D5AC2}"
	ProjectSection(ProjectDependencies) = postProject
		{5B414000-7B0B-3214-A80F-0E7E110424D6} = {5B414000-7B0B-3214-A80F-0E7E110424D6}
		{6F5C86B8-306A-3D06-8A83-6D20669916BF} = {6F5C86B8-306A-3D06-8A83-6D20669916BF}
		{21831097-CCD9-3F49-A5B0-2A0BC615F576} = {21831097-CCD9-3F49-A5B0-2A0BC615F576}
	EndProjectSection
EndProject
Project("{8BC9CEB8-8B4A-11D0-8D11-00A0C91BC942}") = "Continuous", "Continuous.vcxproj", "{BC0AA6FD-1C8C-36A4-88A6-92FE4232570C}"
	ProjectSection(ProjectDependencies) = postProject
		{5B414000-7B0B-3214-A80F-0E7E110424D6} = {5B414000-7B0B-3214-A80F-0E7E110424D6}
	EndProjectSection
EndProject
Project("{8BC9CEB8-8B4A-11D0-8D11-00A0C91BC942}") = "Experimental", "Experimental.vcxproj", "{A7678273-F078-3E6B-8335-184F72454C50}"
	ProjectSection(ProjectDependencies) = postProject
		{5B414000-7B0B-3214-A80F-0E7E110424D6} = {5B414000-7B0B-3214-A80F-0E7E110424D6}
	EndProjectSection
EndProject
Project("{8BC9CEB8-8B4A-11D0-8D11-00A0C91BC942}") = "INSTALL", "INSTALL.vcxproj", "{5EFFE77C-B5E7-3AA2-BE82-1CA7AB7D8B60}"
	ProjectSection(ProjectDependencies) = postProject
		{5534AA79-D741-3BC4-A5E5-F898614D5AC2} = {5534AA79-D741-3BC4-A5E5-F898614D5AC2}
		{5B414000-7B0B-3214-A80F-0E7E110424D6} = {5B414000-7B0B-3214-A80F-0E7E110424D6}
	EndProjectSection
EndProject
Project("{8BC9CEB8-8B4A-11D0-8D11-00A0C91BC942}") = "Nightly", "Nightly.vcxproj", "{18B668A0-BC79-3DA9-8017-B7FBB8AA63B7}"
	ProjectSection(ProjectDependencies) = postProject
		{5B414000-7B0B-3214-A80F-0E7E110424D6} = {5B414000-7B0B-3214-A80F-0E7E110424D6}
	EndProjectSection
EndProject
Project("{8BC9CEB8-8B4A-11D0-8D11-00A0C91BC942}") = "NightlyMemoryCheck", "NightlyMemoryCheck.vcxproj", "{02E1F423-EC92-3FB3-9444-9450175DEC26}"
	ProjectSection(ProjectDependencies) = postProject
		{5B414000-7B0B-3214-A80F-0E7E110424D6} = {5B414000-7B0B-3214-A80F-0E7E110424D6}
	EndProjectSection
EndProject
Project("{8BC9CEB8-8B4A-11D0-8D11-00A0C91BC942}") = "RUN_TESTS", "RUN_TESTS.vcxproj", "{305DE2C6-5BA0-3D83-A0FD-95857665217B}"
	ProjectSection(ProjectDependencies) = postProject
		{5B414000-7B0B-3214-A80F-0E7E110424D6} = {5B414000-7B0B-3214-A80F-0E7E110424D6}
	EndProjectSection
EndProject
Project("{8BC9CEB8-8B4A-11D0-8D11-00A0C91BC942}") = "ZERO_CHECK", "ZERO_CHECK.vcxproj", "{5B414000-7B0B-3214-A80F-0E7E110424D6}"
	ProjectSection(ProjectDependencies) = postProject
	EndProjectSection
EndProject
Project("{8BC9CEB8-8B4A-11D0-8D11-00A0C91BC942}") = "tinyxml2", "tinyxml2.vcxproj", "{6F5C86B8-306A-3D06-8A83-6D20669916BF}"
	ProjectSection(ProjectDependencies) = postProject
		{5B414000-7B0B-3214-A80F-0E7E110424D6} = {5B414000-7B0B-3214-A80F-0E7E110424D6}
	EndProjectSection
EndProject
Project("{8BC9CEB8-8B4A-11D0-8D11-00A0C91BC942}") = "xmltest", "xmltest.vcxproj", "{21831097-CCD9-3F49-A5B0-2A0BC615F576}"
	ProjectSection(ProjectDependencies) = postProject
		{5B414000-7B0B-3214-A80F-0E7E110424D6} = {5B414000-7B0B-3214-A80F-0E7E110424D6}
		{6F5C86B8-306A-3D06-8A83-6D20669916BF} = {6F5C86B8-306A-3D06-8A83-6D20669916BF}
	EndProjectSection
EndProject
Global
	GlobalSection(SolutionConfigurationPlatforms) = preSolution
		Debug|x64 = Debug|x64
		Release|x64 = Release|x64
		MinSizeRel|x64 = MinSizeRel|x64
		RelWithDebInfo|x64 = RelWithDebInfo|x64
	EndGlobalSection
	GlobalSection(ProjectConfigurationPlatforms) = postSolution
		{5534AA79-D741-3BC4-A5E5-F898614D5AC2}.Debug|x64.ActiveCfg = Debug|x64
		{5534AA79-D741-3BC4-A5E5-F898614D5AC2}.Debug|x64.Build.0 = Debug|x64
		{5534AA79-D741-3BC4-A5E5-F898614D5AC2}.Release|x64.ActiveCfg = Release|x64
		{5534AA79-D741-3BC4-A5E5-F898614D5AC2}.Release|x64.Build.0 = Release|x64
		{5534AA79-D741-3BC4-A5E5-F898614D5AC2}.MinSizeRel|x64.ActiveCfg = MinSizeRel|x64
		{5534AA79-D741-3BC4-A5E5-F898614D5AC2}.MinSizeRel|x64.Build.0 = MinSizeRel|x64
		{5534AA79-D741-3BC4-A5E5-F898614D5AC2}.RelWithDebInfo|x64.ActiveCfg = RelWithDebInfo|x64
		{5534AA79-D741-3BC4-A5E5-F898614D5AC2}.RelWithDebInfo|x64.Build.0 = RelWithDebInfo|x64
		{BC0AA6FD-1C8C-36A4-88A6-92FE4232570C}.Debug|x64.ActiveCfg = Debug|x64
		{BC0AA6FD-1C8C-36A4-88A6-92FE4232570C}.Release|x64.ActiveCfg = Release|x64
		{BC0AA6FD-1C8C-36A4-88A6-92FE4232570C}.MinSizeRel|x64.ActiveCfg = MinSizeRel|x64
		{BC0AA6FD-1C8C-36A4-88A6-92FE4232570C}.RelWithDebInfo|x64.ActiveCfg = RelWithDebInfo|x64
		{A7678273-F078-3E6B-8335-184F72454C50}.Debug|x64.ActiveCfg = Debug|x64
		{A7678273-F078-3E6B-8335-184F72454C50}.Release|x64.ActiveCfg = Release|x64
		{A7678273-F078-3E6B-8335-184F72454C50}.MinSizeRel|x64.ActiveCfg = MinSizeRel|x64
		{A7678273-F078-3E6B-8335-184F72454C50}.RelWithDebInfo|x64.ActiveCfg = RelWithDebInfo|x64
		{5EFFE77C-B5E7-3AA2-BE82-1CA7AB7D8B60}.Debug|x64.ActiveCfg = Debug|x64
		{5EFFE77C-B5E7-3AA2-BE82-1CA7AB7D8B60}.Release|x64.ActiveCfg = Release|x64
		{5EFFE77C-B5E7-3AA2-BE82-1CA7AB7D8B60}.MinSizeRel|x64.ActiveCfg = MinSizeRel|x64
		{5EFFE77C-B5E7-3AA2-BE82-1CA7AB7D8B60}.RelWithDebInfo|x64.ActiveCfg = RelWithDebInfo|x64
		{18B668A0-BC79-3DA9-8017-B7FBB8AA63B7}.Debug|x64.ActiveCfg = Debug|x64
		{18B668A0-BC79-3DA9-8017-B7FBB8AA63B7}.Release|x64.ActiveCfg = Release|x64
		{18B668A0-BC79-3DA9-8017-B7FBB8AA63B7}.MinSizeRel|x64.ActiveCfg = MinSizeRel|x64
		{18B668A0-BC79-3DA9-8017-B7FBB8AA63B7}.RelWithDebInfo|x64.ActiveCfg = RelWithDebInfo|x64
		{02E1F423-EC92-3FB3-9444-9450175DEC26}.Debug|x64.ActiveCfg = Debug|x64
		{02E1F423-EC92-3FB3-9444-9450175DEC26}.Release|x64.ActiveCfg = Release|x64
		{02E1F423-EC92-3FB3-9444-9450175DEC26}.MinSizeRel|x64.ActiveCfg = MinSizeRel|x64
		{02E1F423-EC92-3FB3-9444-9450175DEC26}.RelWithDebInfo|x64.ActiveCfg = RelWithDebInfo|x64
		{305DE2C6-5BA0-3D83-A0FD-95857665217B}.Debug|x64.ActiveCfg = Debug|x64
		{305DE2C6-5BA0-3D83-A0FD-95857665217B}.Release|x64.ActiveCfg = Release|x64
		{305DE2C6-5BA0-3D83-A0FD-95857665217B}.MinSizeRel|x64.ActiveCfg = MinSizeRel|x64
		{305DE2C6-5BA0-3D83-A0FD-95857665217B}.RelWithDebInfo|x64.ActiveCfg = RelWithDebInfo|x64
		{5B414000-7B0B-3214-A80F-0E7E110424D6}.Debug|x64.ActiveCfg = Debug|x64
		{5B414000-7B0B-3214-A80F-0E7E110424D6}.Debug|x64.Build.0 = Debug|x64
		{5B414000-7B0B-3214-A80F-0E7E110424D6}.Release|x64.ActiveCfg = Release|x64
		{5B414000-7B0B-3214-A80F-0E7E110424D6}.Release|x64.Build.0 = Release|x64
		{5B414000-7B0B-3214-A80F-0E7E110424D6}.MinSizeRel|x64.ActiveCfg = MinSizeRel|x64
		{5B414000-7B0B-3214-A80F-0E7E110424D6}.MinSizeRel|x64.Build.0 = MinSizeRel|x64
		{5B414000-7B0B-3214-A80F-0E7E110424D6}.RelWithDebInfo|x64.ActiveCfg = RelWithDebInfo|x64
		{5B414000-7B0B-3214-A80F-0E7E110424D6}.RelWithDebInfo|x64.Build.0 = RelWithDebInfo|x64
		{6F5C86B8-306A-3D06-8A83-6D20669916BF}.Debug|x64.ActiveCfg = Debug|x64
		{6F5C86B8-306A-3D06-8A83-6D20669916BF}.Debug|x64.Build.0 = Debug|x64
		{6F5C86B8-306A-3D06-8A83-6D20669916BF}.Release|x64.ActiveCfg = Release|x64
		{6F5C86B8-306A-3D06-8A83-6D20669916BF}.Release|x64.Build.0 = Release|x64
		{6F5C86B8-306A-3D06-8A83-6D20669916BF}.MinSizeRel|x64.ActiveCfg = MinSizeRel|x64
		{6F5C86B8-306A-3D06-8A83-6D20669916BF}.MinSizeRel|x64.Build.0 = MinSizeRel|x64
		{6F5C86B8-306A-3D06-8A83-6D20669916BF}.RelWithDebInfo|x64.ActiveCfg = RelWithDebInfo|x64
		{6F5C86B8-306A-3D06-8A83-6D20669916BF}.RelWithDebInfo|x64.Build.0 = RelWithDebInfo|x64
		{21831097-CCD9-3F49-A5B0-2A0BC615F576}.Debug|x64.ActiveCfg = Debug|x64
		{21831097-CCD9-3F49-A5B0-2A0BC615F576}.Debug|x64.Build.0 = Debug|x64
		{21831097-CCD9-3F49-A5B0-2A0BC615F576}.Release|x64.ActiveCfg = Release|x64
		{21831097-CCD9-3F49-A5B0-2A0BC615F576}.Release|x64.Build.0 = Release|x64
		{21831097-CCD9-3F49-A5B0-2A0BC615F576}.MinSizeRel|x64.ActiveCfg = MinSizeRel|x64
		{21831097-CCD9-3F49-A5B0-2A0BC615F576}.MinSizeRel|x64.Build.0 = MinSizeRel|x64
		{21831097-CCD9-3F49-A5B0-2A0BC615F576}.RelWithDebInfo|x64.ActiveCfg = RelWithDebInfo|x64
		{21831097-CCD9-3F49-A5B0-2A0BC615F576}.RelWithDebInfo|x64.Build.0 = RelWithDebInfo|x64
	EndGlobalSection
	GlobalSection(ExtensibilityGlobals) = postSolution
		SolutionGuid = {14869998-9213-3DDD-A1F9-A41151B94AD3}
	EndGlobalSection
	GlobalSection(ExtensibilityAddIns) = postSolution
	EndGlobalSection
EndGlobal
